schema: '2.0'
stages:
  preprocess:
    cmd: jupyter nbconvert --to notebook --execute --inplace 
      src/preprocess/iris_preprocess.ipynb
    deps:
    - path: data/iris.csv
      hash: md5
      md5: 08e34a2360ffe72ec4f31987b2b91f7a
      size: 4609
      isexec: true
    - path: src/preprocess/iris_preprocess.ipynb
      hash: md5
      md5: 8ec9e3eefed70f8fee1ff12f56078106
      size: 12194
    outs:
    - path: src/processed_data/iris_cleaned.csv
      hash: md5
      md5: f14cc08be1d728fe005ca1b0d34fc978
      size: 2704
  train:
    cmd: jupyter nbconvert --to notebook --execute --inplace 
      src/training/train_logistic_regression.ipynb
    deps:
    - path: src/processed_data/iris_cleaned.csv
      hash: md5
      md5: f14cc08be1d728fe005ca1b0d34fc978
      size: 2704
    - path: src/training/train_logistic_regression.ipynb
      hash: md5
      md5: b594409f0e57d7f1951bf2b307bf3fb0
      size: 14862
  evaluate:
    cmd: python src/model_evaluation/evaluate_models.py
    deps:
    - path: src/model_evaluation/evaluate_models.py
      hash: md5
      md5: bbe27b6b789205dfdf9fa5b45147aba4
      size: 4174
